github.com/tkuchiki/go-timezone v0.1.4 h1:bqdCyQmMPO2vxCobv9nqHWgmkMksGZ/tNhROr2DKxPI=
github.com/tkuchiki/go-timezone v0.1.4/go.mod h1:b1Ean9v2UXtxSq4TZF0i/TU9NuoWa9hOzOKoGCV2zqY=
github.com/tkuchiki/go-timezone v0.2.0 h1:yyZVHtQRVZ+wvlte5HXvSpBkR0dPYnPEIgq9qqAqltk=
github.com/tkuchiki/go-timezone v0.2.0/go.mod h1:b1Ean9v2UXtxSq4TZF0i/TU9NuoWa9hOzOKoGCV2zqY=
